
Microsoft Visual Studio Solution File, Format Version 12.00
# Visual Studio Version 17
VisualStudioVersion = 17.8.34227.203
MinimumVisualStudioVersion = 10.0.40219.1
Project("{9A19103F-16F7-4668-BE54-9A1E7A4F7556}") = "RideSimulator", "RideSimulator\RideSimulator.csproj", "{655F0EBD-6126-468D-A161-0A8D1DFB2579}"
EndProject
Project("{E53339B2-1760-4266-BCC7-CA923CBCF16C}") = "docker-compose", "docker-compose.dcproj", "{427BAB8C-6197-4AE4-BA5F-1E2ECDFBCE7C}"
EndProject
Global
	GlobalSection(SolutionConfigurationPlatforms) = preSolution
		Debug|Any CPU = Debug|Any CPU
		Release|Any CPU = Release|Any CPU
	EndGlobalSection
	GlobalSection(ProjectConfigurationPlatforms) = postSolution
		{655F0EBD-6126-468D-A161-0A8D1DFB2579}.Debug|Any CPU.ActiveCfg = Debug|Any CPU
		{655F0EBD-6126-468D-A161-0A8D1DFB2579}.Debug|Any CPU.Build.0 = Debug|Any CPU
		{655F0EBD-6126-468D-A161-0A8D1DFB2579}.Release|Any CPU.ActiveCfg = Release|Any CPU
		{655F0EBD-6126-468D-A161-0A8D1DFB2579}.Release|Any CPU.Build.0 = Release|Any CPU
		{427BAB8C-6197-4AE4-BA5F-1E2ECDFBCE7C}.Debug|Any CPU.ActiveCfg = Debug|Any CPU
		{427BAB8C-6197-4AE4-BA5F-1E2ECDFBCE7C}.Debug|Any CPU.Build.0 = Debug|Any CPU
		{427BAB8C-6197-4AE4-BA5F-1E2ECDFBCE7C}.Release|Any CPU.ActiveCfg = Release|Any CPU
		{427BAB8C-6197-4AE4-BA5F-1E2ECDFBCE7C}.Release|Any CPU.Build.0 = Release|Any CPU
	EndGlobalSection
	GlobalSection(SolutionProperties) = preSolution
		HideSolutionNode = FALSE
	EndGlobalSection
	GlobalSection(ExtensibilityGlobals) = postSolution
		SolutionGuid = {28CA8BF2-9577-4739-9ACF-2FB4BEDE41F8}
	EndGlobalSection
EndGlobal
